// !$*UTF8*$!
{
	archiveVersion = 1;
	classes = {
	};
	objectVersion = 55;
	objects = {

/* Begin PBXBuildFile section */
		3FC9E4012805DAB500509872 /* AppDelegate.swift in Sources */ = {isa = PBXBuildFile; fileRef = 3FC9E4002805DAB500509872 /* AppDelegate.swift */; };
		3FC9E4032805DAB500509872 /* SceneDelegate.swift in Sources */ = {isa = PBXBuildFile; fileRef = 3FC9E4022805DAB500509872 /* SceneDelegate.swift */; };
		3FC9E4052805DAB500509872 /* ViewController.swift in Sources */ = {isa = PBXBuildFile; fileRef = 3FC9E4042805DAB500509872 /* ViewController.swift */; };
		3FC9E4082805DAB500509872 /* Main.storyboard in Resources */ = {isa = PBXBuildFile; fileRef = 3FC9E4062805DAB500509872 /* Main.storyboard */; };
		3FC9E40A2805DAB600509872 /* Assets.xcassets in Resources */ = {isa = PBXBuildFile; fileRef = 3FC9E4092805DAB600509872 /* Assets.xcassets */; };
		3FC9E40D2805DAB600509872 /* LaunchScreen.storyboard in Resources */ = {isa = PBXBuildFile; fileRef = 3FC9E40B2805DAB600509872 /* LaunchScreen.storyboard */; };
		3FC9E4182805DAB600509872 /* MoviesCollectionViewAppTests.swift in Sources */ = {isa = PBXBuildFile; fileRef = 3FC9E4172805DAB600509872 /* MoviesCollectionViewAppTests.swift */; };
		3FC9E4222805DAB600509872 /* MoviesCollectionViewAppUITests.swift in Sources */ = {isa = PBXBuildFile; fileRef = 3FC9E4212805DAB600509872 /* MoviesCollectionViewAppUITests.swift */; };
		3FC9E4242805DAB600509872 /* MoviesCollectionViewAppUITestsLaunchTests.swift in Sources */ = {isa = PBXBuildFile; fileRef = 3FC9E4232805DAB600509872 /* MoviesCollectionViewAppUITestsLaunchTests.swift */; };
		3FC9E4312805DCF400509872 /* Movie.swift in Sources */ = {isa = PBXBuildFile; fileRef = 3FC9E4302805DCF400509872 /* Movie.swift */; };
		3FC9E4332805DF7C00509872 /* MovieCollectionViewCell.swift in Sources */ = {isa = PBXBuildFile; fileRef = 3FC9E4322805DF7C00509872 /* MovieCollectionViewCell.swift */; };
/* End PBXBuildFile section */

/* Begin PBXContainerItemProxy section */
		3FC9E4142805DAB600509872 /* PBXContainerItemProxy */ = {
			isa = PBXContainerItemProxy;
			containerPortal = 3FC9E3F52805DAB500509872 /* Project object */;
			proxyType = 1;
			remoteGlobalIDString = 3FC9E3FC2805DAB500509872;
			remoteInfo = MoviesCollectionViewApp;
		};
		3FC9E41E2805DAB600509872 /* PBXContainerItemProxy */ = {
			isa = PBXContainerItemProxy;
			containerPortal = 3FC9E3F52805DAB500509872 /* Project object */;
			proxyType = 1;
			remoteGlobalIDString = 3FC9E3FC2805DAB500509872;
			remoteInfo = MoviesCollectionViewApp;
		};
/* End PBXContainerItemProxy section */

/* Begin PBXFileReference section */
		3FC9E3FD2805DAB500509872 /* MoviesCollectionViewApp.app */ = {isa = PBXFileReference; explicitFileType = wrapper.application; includeInIndex = 0; path = MoviesCollectionViewApp.app; sourceTree = BUILT_PRODUCTS_DIR; };
		3FC9E4002805DAB500509872 /* AppDelegate.swift */ = {isa = PBXFileReference; lastKnownFileType = sourcecode.swift; path = AppDelegate.swift; sourceTree = "<group>"; };
		3FC9E4022805DAB500509872 /* SceneDelegate.swift */ = {isa = PBXFileReference; lastKnownFileType = sourcecode.swift; path = SceneDelegate.swift; sourceTree = "<group>"; };
		3FC9E4042805DAB500509872 /* ViewController.swift */ = {isa = PBXFileReference; lastKnownFileType = sourcecode.swift; path = ViewController.swift; sourceTree = "<group>"; };
		3FC9E4072805DAB500509872 /* Base */ = {isa = PBXFileReference; lastKnownFileType = file.storyboard; name = Base; path = Base.lproj/Main.storyboard; sourceTree = "<group>"; };
		3FC9E4092805DAB600509872 /* Assets.xcassets */ = {isa = PBXFileReference; lastKnownFileType = folder.assetcatalog; path = Assets.xcassets; sourceTree = "<group>"; };
		3FC9E40C2805DAB600509872 /* Base */ = {isa = PBXFileReference; lastKnownFileType = file.storyboard; name = Base; path = Base.lproj/LaunchScreen.storyboard; sourceTree = "<group>"; };
		3FC9E40E2805DAB600509872 /* Info.plist */ = {isa = PBXFileReference; lastKnownFileType = text.plist.xml; path = Info.plist; sourceTree = "<group>"; };
		3FC9E4132805DAB600509872 /* MoviesCollectionViewAppTests.xctest */ = {isa = PBXFileReference; explicitFileType = wrapper.cfbundle; includeInIndex = 0; path = MoviesCollectionViewAppTests.xctest; sourceTree = BUILT_PRODUCTS_DIR; };
		3FC9E4172805DAB600509872 /* MoviesCollectionViewAppTests.swift */ = {isa = PBXFileReference; lastKnownFileType = sourcecode.swift; path = MoviesCollectionViewAppTests.swift; sourceTree = "<group>"; };
		3FC9E41D2805DAB600509872 /* MoviesCollectionViewAppUITests.xctest */ = {isa = PBXFileReference; explicitFileType = wrapper.cfbundle; includeInIndex = 0; path = MoviesCollectionViewAppUITests.xctest; sourceTree = BUILT_PRODUCTS_DIR; };
		3FC9E4212805DAB600509872 /* MoviesCollectionViewAppUITests.swift */ = {isa = PBXFileReference; lastKnownFileType = sourcecode.swift; path = MoviesCollectionViewAppUITests.swift; sourceTree = "<group>"; };
		3FC9E4232805DAB600509872 /* MoviesCollectionViewAppUITestsLaunchTests.swift */ = {isa = PBXFileReference; lastKnownFileType = sourcecode.swift; path = MoviesCollectionViewAppUITestsLaunchTests.swift; sourceTree = "<group>"; };
		3FC9E4302805DCF400509872 /* Movie.swift */ = {isa = PBXFileReference; lastKnownFileType = sourcecode.swift; path = Movie.swift; sourceTree = "<group>"; };
		3FC9E4322805DF7C00509872 /* MovieCollectionViewCell.swift */ = {isa = PBXFileReference; lastKnownFileType = sourcecode.swift; path = MovieCollectionViewCell.swift; sourceTree = "<group>"; };
/* End PBXFileReference section */

/* Begin PBXFrameworksBuildPhase section */
		3FC9E3FA2805DAB500509872 /* Frameworks */ = {
			isa = PBXFrameworksBuildPhase;
			buildActionMask = 2147483647;
			files = (
			);
			runOnlyForDeploymentPostprocessing = 0;
		};
		3FC9E4102805DAB600509872 /* Frameworks */ = {
			isa = PBXFrameworksBuildPhase;
			buildActionMask = 2147483647;
			files = (
			);
			runOnlyForDeploymentPostprocessing = 0;
		};
		3FC9E41A2805DAB600509872 /* Frameworks */ = {
			isa = PBXFrameworksBuildPhase;
			buildActionMask = 2147483647;
			files = (
			);
			runOnlyForDeploymentPostprocessing = 0;
		};
/* End PBXFrameworksBuildPhase section */

/* Begin PBXGroup section */
		3FC9E3F42805DAB500509872 = {
			isa = PBXGroup;
			children = (
				3FC9E3FF2805DAB500509872 /* MoviesCollectionViewApp */,
				3FC9E4162805DAB600509872 /* MoviesCollectionViewAppTests */,
				3FC9E4202805DAB600509872 /* MoviesCollectionViewAppUITests */,
				3FC9E3FE2805DAB500509872 /* Products */,
			);
			sourceTree = "<group>";
		};
		3FC9E3FE2805DAB500509872 /* Products */ = {
			isa = PBXGroup;
			children = (
				3FC9E3FD2805DAB500509872 /* MoviesCollectionViewApp.app */,
				3FC9E4132805DAB600509872 /* MoviesCollectionViewAppTests.xctest */,
				3FC9E41D2805DAB600509872 /* MoviesCollectionViewAppUITests.xctest */,
			);
			name = Products;
			sourceTree = "<group>";
		};
		3FC9E3FF2805DAB500509872 /* MoviesCollectionViewApp */ = {
			isa = PBXGroup;
			children = (
				3FC9E4002805DAB500509872 /* AppDelegate.swift */,
				3FC9E4022805DAB500509872 /* SceneDelegate.swift */,
				3FC9E4042805DAB500509872 /* ViewController.swift */,
				3FC9E4062805DAB500509872 /* Main.storyboard */,
				3FC9E4092805DAB600509872 /* Assets.xcassets */,
				3FC9E40B2805DAB600509872 /* LaunchScreen.storyboard */,
				3FC9E40E2805DAB600509872 /* Info.plist */,
				3FC9E4302805DCF400509872 /* Movie.swift */,
				3FC9E4322805DF7C00509872 /* MovieCollectionViewCell.swift */,
			);
			path = MoviesCollectionViewApp;
			sourceTree = "<group>";
		};
		3FC9E4162805DAB600509872 /* MoviesCollectionViewAppTests */ = {
			isa = PBXGroup;
			children = (
				3FC9E4172805DAB600509872 /* MoviesCollectionViewAppTests.swift */,
			);
			path = MoviesCollectionViewAppTests;
			sourceTree = "<group>";
		};
		3FC9E4202805DAB600509872 /* MoviesCollectionViewAppUITests */ = {
			isa = PBXGroup;
			children = (
				3FC9E4212805DAB600509872 /* MoviesCollectionViewAppUITests.swift */,
				3FC9E4232805DAB600509872 /* MoviesCollectionViewAppUITestsLaunchTests.swift */,
			);
			path = MoviesCollectionViewAppUITests;
			sourceTree = "<group>";
		};
/* End PBXGroup section */

/* Begin PBXNativeTarget section */
		3FC9E3FC2805DAB500509872 /* MoviesCollectionViewApp */ = {
			isa = PBXNativeTarget;
			buildConfigurationList = 3FC9E4272805DAB600509872 /* Build configuration list for PBXNativeTarget "MoviesCollectionViewApp" */;
			buildPhases = (
				3FC9E3F92805DAB500509872 /* Sources */,
				3FC9E3FA2805DAB500509872 /* Frameworks */,
				3FC9E3FB2805DAB500509872 /* Resources */,
			);
			buildRules = (
			);
			dependencies = (
			);
			name = MoviesCollectionViewApp;
			productName = MoviesCollectionViewApp;
			productReference = 3FC9E3FD2805DAB500509872 /* MoviesCollectionViewApp.app */;
			productType = "com.apple.product-type.application";
		};
		3FC9E4122805DAB600509872 /* MoviesCollectionViewAppTests */ = {
			isa = PBXNativeTarget;
			buildConfigurationList = 3FC9E42A2805DAB600509872 /* Build configuration list for PBXNativeTarget "MoviesCollectionViewAppTests" */;
			buildPhases = (
				3FC9E40F2805DAB600509872 /* Sources */,
				3FC9E4102805DAB600509872 /* Frameworks */,
				3FC9E4112805DAB600509872 /* Resources */,
			);
			buildRules = (
			);
			dependencies = (
				3FC9E4152805DAB600509872 /* PBXTargetDependency */,
			);
			name = MoviesCollectionViewAppTests;
			productName = MoviesCollectionViewAppTests;
			productReference = 3FC9E4132805DAB600509872 /* MoviesCollectionViewAppTests.xctest */;
			productType = "com.apple.product-type.bundle.unit-test";
		};
		3FC9E41C2805DAB600509872 /* MoviesCollectionViewAppUITests */ = {
			isa = PBXNativeTarget;
			buildConfigurationList = 3FC9E42D2805DAB600509872 /* Build configuration list for PBXNativeTarget "MoviesCollectionViewAppUITests" */;
			buildPhases = (
				3FC9E4192805DAB600509872 /* Sources */,
				3FC9E41A2805DAB600509872 /* Frameworks */,
				3FC9E41B2805DAB600509872 /* Resources */,
			);
			buildRules = (
			);
			dependencies = (
				3FC9E41F2805DAB600509872 /* PBXTargetDependency */,
			);
			name = MoviesCollectionViewAppUITests;
			productName = MoviesCollectionViewAppUITests;
			productReference = 3FC9E41D2805DAB600509872 /* MoviesCollectionViewAppUITests.xctest */;
			productType = "com.apple.product-type.bundle.ui-testing";
		};
/* End PBXNativeTarget section */

/* Begin PBXProject section */
		3FC9E3F52805DAB500509872 /* Project object */ = {
			isa = PBXProject;
			attributes = {
				BuildIndependentTargetsInParallel = 1;
				LastSwiftUpdateCheck = 1330;
				LastUpgradeCheck = 1330;
				TargetAttributes = {
					3FC9E3FC2805DAB500509872 = {
						CreatedOnToolsVersion = 13.3;
					};
					3FC9E4122805DAB600509872 = {
						CreatedOnToolsVersion = 13.3;
						TestTargetID = 3FC9E3FC2805DAB500509872;
					};
					3FC9E41C2805DAB600509872 = {
						CreatedOnToolsVersion = 13.3;
						TestTargetID = 3FC9E3FC2805DAB500509872;
					};
				};
			};
			buildConfigurationList = 3FC9E3F82805DAB500509872 /* Build configuration list for PBXProject "MoviesCollectionViewApp" */;
			compatibilityVersion = "Xcode 13.0";
			developmentRegion = en;
			hasScannedForEncodings = 0;
			knownRegions = (
				en,
				Base,
			);
			mainGroup = 3FC9E3F42805DAB500509872;
			productRefGroup = 3FC9E3FE2805DAB500509872 /* Products */;
			projectDirPath = "";
			projectRoot = "";
			targets = (
				3FC9E3FC2805DAB500509872 /* MoviesCollectionViewApp */,
				3FC9E4122805DAB600509872 /* MoviesCollectionViewAppTests */,
				3FC9E41C2805DAB600509872 /* MoviesCollectionViewAppUITests */,
			);
		};
/* End PBXProject section */

/* Begin PBXResourcesBuildPhase section */
		3FC9E3FB2805DAB500509872 /* Resources */ = {
			isa = PBXResourcesBuildPhase;
			buildActionMask = 2147483647;
			files = (
				3FC9E40D2805DAB600509872 /* LaunchScreen.storyboard in Resources */,
				3FC9E40A2805DAB600509872 /* Assets.xcassets in Resources */,
				3FC9E4082805DAB500509872 /* Main.storyboard in Resources */,
			);
			runOnlyForDeploymentPostprocessing = 0;
		};
		3FC9E4112805DAB600509872 /* Resources */ = {
			isa = PBXResourcesBuildPhase;
			buildActionMask = 2147483647;
			files = (
			);
			runOnlyForDeploymentPostprocessing = 0;
		};
		3FC9E41B2805DAB600509872 /* Resources */ = {
			isa = PBXResourcesBuildPhase;
			buildActionMask = 2147483647;
			files = (
			);
			runOnlyForDeploymentPostprocessing = 0;
		};
/* End PBXResourcesBuildPhase section */

/* Begin PBXSourcesBuildPhase section */
		3FC9E3F92805DAB500509872 /* Sources */ = {
			isa = PBXSourcesBuildPhase;
			buildActionMask = 2147483647;
			files = (
				3FC9E4052805DAB500509872 /* ViewController.swift in Sources */,
				3FC9E4012805DAB500509872 /* AppDelegate.swift in Sources */,
				3FC9E4332805DF7C00509872 /* MovieCollectionViewCell.swift in Sources */,
				3FC9E4312805DCF400509872 /* Movie.swift in Sources */,
				3FC9E4032805DAB500509872 /* SceneDelegate.swift in Sources */,
			);
			runOnlyForDeploymentPostprocessing = 0;
		};
		3FC9E40F2805DAB600509872 /* Sources */ = {
			isa = PBXSourcesBuildPhase;
			buildActionMask = 2147483647;
			files = (
				3FC9E4182805DAB600509872 /* MoviesCollectionViewAppTests.swift in Sources */,
			);
			runOnlyForDeploymentPostprocessing = 0;
		};
		3FC9E4192805DAB600509872 /* Sources */ = {
			isa = PBXSourcesBuildPhase;
			buildActionMask = 2147483647;
			files = (
				3FC9E4242805DAB600509872 /* MoviesCollectionViewAppUITestsLaunchTests.swift in Sources */,
				3FC9E4222805DAB600509872 /* MoviesCollectionViewAppUITests.swift in Sources */,
			);
			runOnlyForDeploymentPostprocessing = 0;
		};
/* End PBXSourcesBuildPhase section */

/* Begin PBXTargetDependency section */
		3FC9E4152805DAB600509872 /* PBXTargetDependency */ = {
			isa = PBXTargetDependency;
			target = 3FC9E3FC2805DAB500509872 /* MoviesCollectionViewApp */;
			targetProxy = 3FC9E4142805DAB600509872 /* PBXContainerItemProxy */;
		};
		3FC9E41F2805DAB600509872 /* PBXTargetDependency */ = {
			isa = PBXTargetDependency;
			target = 3FC9E3FC2805DAB500509872 /* MoviesCollectionViewApp */;
			targetProxy = 3FC9E41E2805DAB600509872 /* PBXContainerItemProxy */;
		};
/* End PBXTargetDependency section */

/* Begin PBXVariantGroup section */
		3FC9E4062805DAB500509872 /* Main.storyboard */ = {
			isa = PBXVariantGroup;
			children = (
				3FC9E4072805DAB500509872 /* Base */,
			);
			name = Main.storyboard;
			sourceTree = "<group>";
		};
		3FC9E40B2805DAB600509872 /* LaunchScreen.storyboard */ = {
			isa = PBXVariantGroup;
			children = (
				3FC9E40C2805DAB600509872 /* Base */,
			);
			name = LaunchScreen.storyboard;
			sourceTree = "<group>";
		};
/* End PBXVariantGroup section */

/* Begin XCBuildConfiguration section */
		3FC9E4252805DAB600509872 /* Debug */ = {
			isa = XCBuildConfiguration;
			buildSettings = {
				ALWAYS_SEARCH_USER_PATHS = NO;
				CLANG_ANALYZER_NONNULL = YES;
				CLANG_ANALYZER_NUMBER_OBJECT_CONVERSION = YES_AGGRESSIVE;
				CLANG_CXX_LANGUAGE_STANDARD = "gnu++17";
				CLANG_ENABLE_MODULES = YES;
				CLANG_ENABLE_OBJC_ARC = YES;
				CLANG_ENABLE_OBJC_WEAK = YES;
				CLANG_WARN_BLOCK_CAPTURE_AUTORELEASING = YES;
				CLANG_WARN_BOOL_CONVERSION = YES;
				CLANG_WARN_COMMA = YES;
				CLANG_WARN_CONSTANT_CONVERSION = YES;
				CLANG_WARN_DEPRECATED_OBJC_IMPLEMENTATIONS = YES;
				CLANG_WARN_DIRECT_OBJC_ISA_USAGE = YES_ERROR;
				CLANG_WARN_DOCUMENTATION_COMMENTS = YES;
				CLANG_WARN_EMPTY_BODY = YES;
				CLANG_WARN_ENUM_CONVERSION = YES;
				CLANG_WARN_INFINITE_RECURSION = YES;
				CLANG_WARN_INT_CONVERSION = YES;
				CLANG_WARN_NON_LITERAL_NULL_CONVERSION = YES;
				CLANG_WARN_OBJC_IMPLICIT_RETAIN_SELF = YES;
				CLANG_WARN_OBJC_LITERAL_CONVERSION = YES;
				CLANG_WARN_OBJC_ROOT_CLASS = YES_ERROR;
				CLANG_WARN_QUOTED_INCLUDE_IN_FRAMEWORK_HEADER = YES;
				CLANG_WARN_RANGE_LOOP_ANALYSIS = YES;
				CLANG_WARN_STRICT_PROTOTYPES = YES;
				CLANG_WARN_SUSPICIOUS_MOVE = YES;
				CLANG_WARN_UNGUARDED_AVAILABILITY = YES_AGGRESSIVE;
				CLANG_WARN_UNREACHABLE_CODE = YES;
				CLANG_WARN__DUPLICATE_METHOD_MATCH = YES;
				COPY_PHASE_STRIP = NO;
				DEBUG_INFORMATION_FORMAT = dwarf;
				ENABLE_STRICT_OBJC_MSGSEND = YES;
				ENABLE_TESTABILITY = YES;
				GCC_C_LANGUAGE_STANDARD = gnu11;
				GCC_DYNAMIC_NO_PIC = NO;
				GCC_NO_COMMON_BLOCKS = YES;
				GCC_OPTIMIZATION_LEVEL = 0;
				GCC_PREPROCESSOR_DEFINITIONS = (
					"DEBUG=1",
					"$(inherited)",
				);
				GCC_WARN_64_TO_32_BIT_CONVERSION = YES;
				GCC_WARN_ABOUT_RETURN_TYPE = YES_ERROR;
				GCC_WARN_UNDECLARED_SELECTOR = YES;
				GCC_WARN_UNINITIALIZED_AUTOS = YES_AGGRESSIVE;
				GCC_WARN_UNUSED_FUNCTION = YES;
				GCC_WARN_UNUSED_VARIABLE = YES;
				IPHONEOS_DEPLOYMENT_TARGET = 15.4;
				MTL_ENABLE_DEBUG_INFO = INCLUDE_SOURCE;
				MTL_FAST_MATH = YES;
				ONLY_ACTIVE_ARCH = YES;
				SDKROOT = iphoneos;
				SWIFT_ACTIVE_COMPILATION_CONDITIONS = DEBUG;
				SWIFT_OPTIMIZATION_LEVEL = "-Onone";
			};
			name = Debug;
		};
		3FC9E4262805DAB600509872 /* Release */ = {
			isa = XCBuildConfiguration;
			buildSettings = {
				ALWAYS_SEARCH_USER_PATHS = NO;
				CLANG_ANALYZER_NONNULL = YES;
				CLANG_ANALYZER_NUMBER_OBJECT_CONVERSION = YES_AGGRESSIVE;
				CLANG_CXX_LANGUAGE_STANDARD = "gnu++17";
				CLANG_ENABLE_MODULES = YES;
				CLANG_ENABLE_OBJC_ARC = YES;
				CLANG_ENABLE_OBJC_WEAK = YES;
				CLANG_WARN_BLOCK_CAPTURE_AUTORELEASING = YES;
				CLANG_WARN_BOOL_CONVERSION = YES;
				CLANG_WARN_COMMA = YES;
				CLANG_WARN_CONSTANT_CONVERSION = YES;
				CLANG_WARN_DEPRECATED_OBJC_IMPLEMENTATIONS = YES;
				CLANG_WARN_DIRECT_OBJC_ISA_USAGE = YES_ERROR;
				CLANG_WARN_DOCUMENTATION_COMMENTS = YES;
				CLANG_WARN_EMPTY_BODY = YES;
				CLANG_WARN_ENUM_CONVERSION = YES;
				CLANG_WARN_INFINITE_RECURSION = YES;
				CLANG_WARN_INT_CONVERSION = YES;
				CLANG_WARN_NON_LITERAL_NULL_CONVERSION = YES;
				CLANG_WARN_OBJC_IMPLICIT_RETAIN_SELF = YES;
				CLANG_WARN_OBJC_LITERAL_CONVERSION = YES;
				CLANG_WARN_OBJC_ROOT_CLASS = YES_ERROR;
				CLANG_WARN_QUOTED_INCLUDE_IN_FRAMEWORK_HEADER = YES;
				CLANG_WARN_RANGE_LOOP_ANALYSIS = YES;
				CLANG_WARN_STRICT_PROTOTYPES = YES;
				CLANG_WARN_SUSPICIOUS_MOVE = YES;
				CLANG_WARN_UNGUARDED_AVAILABILITY = YES_AGGRESSIVE;
				CLANG_WARN_UNREACHABLE_CODE = YES;
				CLANG_WARN__DUPLICATE_METHOD_MATCH = YES;
				COPY_PHASE_STRIP = NO;
				DEBUG_INFORMATION_FORMAT = "dwarf-with-dsym";
				ENABLE_NS_ASSERTIONS = NO;
				ENABLE_STRICT_OBJC_MSGSEND = YES;
				GCC_C_LANGUAGE_STANDARD = gnu11;
				GCC_NO_COMMON_BLOCKS = YES;
				GCC_WARN_64_TO_32_BIT_CONVERSION = YES;
				GCC_WARN_ABOUT_RETURN_TYPE = YES_ERROR;
				GCC_WARN_UNDECLARED_SELECTOR = YES;
				GCC_WARN_UNINITIALIZED_AUTOS = YES_AGGRESSIVE;
				GCC_WARN_UNUSED_FUNCTION = YES;
				GCC_WARN_UNUSED_VARIABLE = YES;
				IPHONEOS_DEPLOYMENT_TARGET = 15.4;
				MTL_ENABLE_DEBUG_INFO = NO;
				MTL_FAST_MATH = YES;
				SDKROOT = iphoneos;
				SWIFT_COMPILATION_MODE = wholemodule;
				SWIFT_OPTIMIZATION_LEVEL = "-O";
				VALIDATE_PRODUCT = YES;
			};
			name = Release;
		};
		3FC9E4282805DAB600509872 /* Debug */ = {
			isa = XCBuildConfiguration;
			buildSettings = {
				ASSETCATALOG_COMPILER_APPICON_NAME = AppIcon;
				ASSETCATALOG_COMPILER_GLOBAL_ACCENT_COLOR_NAME = AccentColor;
				CODE_SIGN_STYLE = Automatic;
				CURRENT_PROJECT_VERSION = 1;
				GENERATE_INFOPLIST_FILE = YES;
				INFOPLIST_FILE = MoviesCollectionViewApp/Info.plist;
				INFOPLIST_KEY_CFBundleDisplayName = MoviesCollectionViewApp;
				INFOPLIST_KEY_UIApplicationSupportsIndirectInputEvents = YES;
				INFOPLIST_KEY_UILaunchStoryboardName = LaunchScreen;
				INFOPLIST_KEY_UIMainStoryboardFile = Main;
				INFOPLIST_KEY_UISupportedInterfaceOrientations_iPad = "UIInterfaceOrientationPortrait UIInterfaceOrientationPortraitUpsideDown UIInterfaceOrientationLandscapeLeft UIInterfaceOrientationLandscapeRight";
				INFOPLIST_KEY_UISupportedInterfaceOrientations_iPhone = "UIInterfaceOrientationPortrait UIInterfaceOrientationLandscapeLeft UIInterfaceOrientationLandscapeRight";
				LD_RUNPATH_SEARCH_PATHS = (
					"$(inherited)",
					"@executable_path/Frameworks",
				);
				MARKETING_VERSION = 1.0;
				PRODUCT_BUNDLE_IDENTIFIER = nwmsu.MoviesCollectionViewApp;
				PRODUCT_NAME = "$(TARGET_NAME)";
				SWIFT_EMIT_LOC_STRINGS = YES;
				SWIFT_VERSION = 5.0;
				TARGETED_DEVICE_FAMILY = "1,2";
			};
			name = Debug;
		};
		3FC9E4292805DAB600509872 /* Release */ = {
			isa = XCBuildConfiguration;
			buildSettings = {
				ASSETCATALOG_COMPILER_APPICON_NAME = AppIcon;
				ASSETCATALOG_COMPILER_GLOBAL_ACCENT_COLOR_NAME = AccentColor;
				CODE_SIGN_STYLE = Automatic;
				CURRENT_PROJECT_VERSION = 1;
				GENERATE_INFOPLIST_FILE = YES;
				INFOPLIST_FILE = MoviesCollectionViewApp/Info.plist;
				INFOPLIST_KEY_CFBundleDisplayName = MoviesCollectionViewApp;
				INFOPLIST_KEY_UIApplicationSupportsIndirectInputEvents = YES;
				INFOPLIST_KEY_UILaunchStoryboardName = LaunchScreen;
				INFOPLIST_KEY_UIMainStoryboardFile = Main;
				INFOPLIST_KEY_UISupportedInterfaceOrientations_iPad = "UIInterfaceOrientationPortrait UIInterfaceOrientationPortraitUpsideDown UIInterfaceOrientationLandscapeLeft UIInterfaceOrientationLandscapeRight";
				INFOPLIST_KEY_UISupportedInterfaceOrientations_iPhone = "UIInterfaceOrientationPortrait UIInterfaceOrientationLandscapeLeft UIInterfaceOrientationLandscapeRight";
				LD_RUNPATH_SEARCH_PATHS = (
					"$(inherited)",
					"@executable_path/Frameworks",
				);
				MARKETING_VERSION = 1.0;
				PRODUCT_BUNDLE_IDENTIFIER = nwmsu.MoviesCollectionViewApp;
				PRODUCT_NAME = "$(TARGET_NAME)";
				SWIFT_EMIT_LOC_STRINGS = YES;
				SWIFT_VERSION = 5.0;
				TARGETED_DEVICE_FAMILY = "1,2";
			};
			name = Release;
		};
		3FC9E42B2805DAB600509872 /* Debug */ = {
			isa = XCBuildConfiguration;
			buildSettings = {
				ALWAYS_EMBED_SWIFT_STANDARD_LIBRARIES = YES;
				BUNDLE_LOADER = "$(TEST_HOST)";
				CODE_SIGN_STYLE = Automatic;
				CURRENT_PROJECT_VERSION = 1;
				GENERATE_INFOPLIST_FILE = YES;
				IPHONEOS_DEPLOYMENT_TARGET = 15.4;
				MARKETING_VERSION = 1.0;
				PRODUCT_BUNDLE_IDENTIFIER = nwmsu.MoviesCollectionViewAppTests;
				PRODUCT_NAME = "$(TARGET_NAME)";
				SWIFT_EMIT_LOC_STRINGS = NO;
				SWIFT_VERSION = 5.0;
				TARGETED_DEVICE_FAMILY = "1,2";
				TEST_HOST = "$(BUILT_PRODUCTS_DIR)/MoviesCollectionViewApp.app/MoviesCollectionViewApp";
			};
			name = Debug;
		};
		3FC9E42C2805DAB600509872 /* Release */ = {
			isa = XCBuildConfiguration;
			buildSettings = {
				ALWAYS_EMBED_SWIFT_STANDARD_LIBRARIES = YES;
				BUNDLE_LOADER = "$(TEST_HOST)";
				CODE_SIGN_STYLE = Automatic;
				CURRENT_PROJECT_VERSION = 1;
				GENERATE_INFOPLIST_FILE = YES;
				IPHONEOS_DEPLOYMENT_TARGET = 15.4;
				MARKETING_VERSION = 1.0;
				PRODUCT_BUNDLE_IDENTIFIER = nwmsu.MoviesCollectionViewAppTests;
				PRODUCT_NAME = "$(TARGET_NAME)";
				SWIFT_EMIT_LOC_STRINGS = NO;
				SWIFT_VERSION = 5.0;
				TARGETED_DEVICE_FAMILY = "1,2";
				TEST_HOST = "$(BUILT_PRODUCTS_DIR)/MoviesCollectionViewApp.app/MoviesCollectionViewApp";
			};
			name = Release;
		};
		3FC9E42E2805DAB600509872 /* Debug */ = {
			isa = XCBuildConfiguration;
			buildSettings = {
				ALWAYS_EMBED_SWIFT_STANDARD_LIBRARIES = YES;
				CODE_SIGN_STYLE = Automatic;
				CURRENT_PROJECT_VERSION = 1;
				GENERATE_INFOPLIST_FILE = YES;
				MARKETING_VERSION = 1.0;
				PRODUCT_BUNDLE_IDENTIFIER = nwmsu.MoviesCollectionViewAppUITests;
				PRODUCT_NAME = "$(TARGET_NAME)";
				SWIFT_EMIT_LOC_STRINGS = NO;
				SWIFT_VERSION = 5.0;
				TARGETED_DEVICE_FAMILY = "1,2";
				TEST_TARGET_NAME = MoviesCollectionViewApp;
			};
			name = Debug;
		};
		3FC9E42F2805DAB600509872 /* Release */ = {
			isa = XCBuildConfiguration;
			buildSettings = {
				ALWAYS_EMBED_SWIFT_STANDARD_LIBRARIES = YES;
				CODE_SIGN_STYLE = Automatic;
				CURRENT_PROJECT_VERSION = 1;
				GENERATE_INFOPLIST_FILE = YES;
				MARKETING_VERSION = 1.0;
				PRODUCT_BUNDLE_IDENTIFIER = nwmsu.MoviesCollectionViewAppUITests;
				PRODUCT_NAME = "$(TARGET_NAME)";
				SWIFT_EMIT_LOC_STRINGS = NO;
				SWIFT_VERSION = 5.0;
				TARGETED_DEVICE_FAMILY = "1,2";
				TEST_TARGET_NAME = MoviesCollectionViewApp;
			};
			name = Release;
		};
/* End XCBuildConfiguration section */

/* Begin XCConfigurationList section */
		3FC9E3F82805DAB500509872 /* Build configuration list for PBXProject "MoviesCollectionViewApp" */ = {
			isa = XCConfigurationList;
			buildConfigurations = (
				3FC9E4252805DAB600509872 /* Debug */,
				3FC9E4262805DAB600509872 /* Release */,
			);
			defaultConfigurationIsVisible = 0;
			defaultConfigurationName = Release;
		};
		3FC9E4272805DAB600509872 /* Build configuration list for PBXNativeTarget "MoviesCollectionViewApp" */ = {
			isa = XCConfigurationList;
			buildConfigurations = (
				3FC9E4282805DAB600509872 /* Debug */,
				3FC9E4292805DAB600509872 /* Release */,
			);
			defaultConfigurationIsVisible = 0;
			defaultConfigurationName = Release;
		};
		3FC9E42A2805DAB600509872 /* Build configuration list for PBXNativeTarget "MoviesCollectionViewAppTests" */ = {
			isa = XCConfigurationList;
			buildConfigurations = (
				3FC9E42B2805DAB600509872 /* Debug */,
				3FC9E42C2805DAB600509872 /* Release */,
			);
			defaultConfigurationIsVisible = 0;
			defaultConfigurationName = Release;
		};
		3FC9E42D2805DAB600509872 /* Build configuration list for PBXNativeTarget "MoviesCollectionViewAppUITests" */ = {
			isa = XCConfigurationList;
			buildConfigurations = (
				3FC9E42E2805DAB600509872 /* Debug */,
				3FC9E42F2805DAB600509872 /* Release */,
			);
			defaultConfigurationIsVisible = 0;
			defaultConfigurationName = Release;
		};
/* End XCConfigurationList section */
	};
	rootObject = 3FC9E3F52805DAB500509872 /* Project object */;
}
